
Microsoft Visual Studio Solution File, Format Version 12.00
# Visual Studio 15
VisualStudioVersion = 15.0.26228.9
MinimumVisualStudioVersion = 10.0.40219.1
Project("{FAE04EC0-301F-11D3-BF4B-00C04F79EFBC}") = "AppXamlExperiment.Android", "AppXamlExperiment\AppXamlExperiment.Android\AppXamlExperiment.Android.csproj", "{37DA0F5E-353A-40A8-BA4B-A9FA72583FD0}"
EndProject
Project("{FAE04EC0-301F-11D3-BF4B-00C04F79EFBC}") = "AppXamlExperiment", "AppXamlExperiment\AppXamlExperiment\AppXamlExperiment.csproj", "{970AB4FF-882A-4E02-BBAA-681AE39FDA53}"
EndProject
Project("{FAE04EC0-301F-11D3-BF4B-00C04F79EFBC}") = "AppXamlExperiment.UWP", "AppXamlExperiment\AppXamlExperiment.UWP\AppXamlExperiment.UWP.csproj", "{3C280EC0-4C38-4CB9-AB40-0173B66218F7}"
EndProject
Project("{FAE04EC0-301F-11D3-BF4B-00C04F79EFBC}") = "AppXamlExperiment.iOS", "AppXamlExperiment\AppXamlExperiment.iOS\AppXamlExperiment.iOS.csproj", "{EDEBE3AE-52C2-465C-8732-6757AD8DCB1F}"
EndProject
Global
	GlobalSection(SolutionConfigurationPlatforms) = preSolution
		Ad-Hoc|Any CPU = Ad-Hoc|Any CPU
		Ad-Hoc|ARM = Ad-Hoc|ARM
		Ad-Hoc|iPhone = Ad-Hoc|iPhone
		Ad-Hoc|iPhoneSimulator = Ad-Hoc|iPhoneSimulator
		Ad-Hoc|x64 = Ad-Hoc|x64
		Ad-Hoc|x86 = Ad-Hoc|x86
		AppStore|Any CPU = AppStore|Any CPU
		AppStore|ARM = AppStore|ARM
		AppStore|iPhone = AppStore|iPhone
		AppStore|iPhoneSimulator = AppStore|iPhoneSimulator
		AppStore|x64 = AppStore|x64
		AppStore|x86 = AppStore|x86
		Debug|Any CPU = Debug|Any CPU
		Debug|ARM = Debug|ARM
		Debug|iPhone = Debug|iPhone
		Debug|iPhoneSimulator = Debug|iPhoneSimulator
		Debug|x64 = Debug|x64
		Debug|x86 = Debug|x86
		Release|Any CPU = Release|Any CPU
		Release|ARM = Release|ARM
		Release|iPhone = Release|iPhone
		Release|iPhoneSimulator = Release|iPhoneSimulator
		Release|x64 = Release|x64
		Release|x86 = Release|x86
	EndGlobalSection
	GlobalSection(ProjectConfigurationPlatforms) = postSolution
		{37DA0F5E-353A-40A8-BA4B-A9FA72583FD0}.Ad-Hoc|Any CPU.ActiveCfg = Release|Any CPU
		{37DA0F5E-353A-40A8-BA4B-A9FA72583FD0}.Ad-Hoc|Any CPU.Build.0 = Release|Any CPU
		{37DA0F5E-353A-40A8-BA4B-A9FA72583FD0}.Ad-Hoc|Any CPU.Deploy.0 = Release|Any CPU
		{37DA0F5E-353A-40A8-BA4B-A9FA72583FD0}.Ad-Hoc|ARM.ActiveCfg = Release|Any CPU
		{37DA0F5E-353A-40A8-BA4B-A9FA72583FD0}.Ad-Hoc|ARM.Build.0 = Release|Any CPU
		{37DA0F5E-353A-40A8-BA4B-A9FA72583FD0}.Ad-Hoc|ARM.Deploy.0 = Release|Any CPU
		{37DA0F5E-353A-40A8-BA4B-A9FA72583FD0}.Ad-Hoc|iPhone.ActiveCfg = Release|Any CPU
		{37DA0F5E-353A-40A8-BA4B-A9FA72583FD0}.Ad-Hoc|iPhone.Build.0 = Release|Any CPU
		{37DA0F5E-353A-40A8-BA4B-A9FA72583FD0}.Ad-Hoc|iPhone.Deploy.0 = Release|Any CPU
		{37DA0F5E-353A-40A8-BA4B-A9FA72583FD0}.Ad-Hoc|iPhoneSimulator.ActiveCfg = Release|Any CPU
		{37DA0F5E-353A-40A8-BA4B-A9FA72583FD0}.Ad-Hoc|iPhoneSimulator.Build.0 = Release|Any CPU
		{37DA0F5E-353A-40A8-BA4B-A9FA72583FD0}.Ad-Hoc|iPhoneSimulator.Deploy.0 = Release|Any CPU
		{37DA0F5E-353A-40A8-BA4B-A9FA72583FD0}.Ad-Hoc|x64.ActiveCfg = Release|Any CPU
		{37DA0F5E-353A-40A8-BA4B-A9FA72583FD0}.Ad-Hoc|x64.Build.0 = Release|Any CPU
		{37DA0F5E-353A-40A8-BA4B-A9FA72583FD0}.Ad-Hoc|x64.Deploy.0 = Release|Any CPU
		{37DA0F5E-353A-40A8-BA4B-A9FA72583FD0}.Ad-Hoc|x86.ActiveCfg = Release|Any CPU
		{37DA0F5E-353A-40A8-BA4B-A9FA72583FD0}.Ad-Hoc|x86.Build.0 = Release|Any CPU
		{37DA0F5E-353A-40A8-BA4B-A9FA72583FD0}.Ad-Hoc|x86.Deploy.0 = Release|Any CPU
		{37DA0F5E-353A-40A8-BA4B-A9FA72583FD0}.AppStore|Any CPU.ActiveCfg = Release|Any CPU
		{37DA0F5E-353A-40A8-BA4B-A9FA72583FD0}.AppStore|Any CPU.Build.0 = Release|Any CPU
		{37DA0F5E-353A-40A8-BA4B-A9FA72583FD0}.AppStore|Any CPU.Deploy.0 = Release|Any CPU
		{37DA0F5E-353A-40A8-BA4B-A9FA72583FD0}.AppStore|ARM.ActiveCfg = Release|Any CPU
		{37DA0F5E-353A-40A8-BA4B-A9FA72583FD0}.AppStore|ARM.Build.0 = Release|Any CPU
		{37DA0F5E-353A-40A8-BA4B-A9FA72583FD0}.AppStore|ARM.Deploy.0 = Release|Any CPU
		{37DA0F5E-353A-40A8-BA4B-A9FA72583FD0}.AppStore|iPhone.ActiveCfg = Release|Any CPU
		{37DA0F5E-353A-40A8-BA4B-A9FA72583FD0}.AppStore|iPhone.Build.0 = Release|Any CPU
		{37DA0F5E-353A-40A8-BA4B-A9FA72583FD0}.AppStore|iPhone.Deploy.0 = Release|Any CPU
		{37DA0F5E-353A-40A8-BA4B-A9FA72583FD0}.AppStore|iPhoneSimulator.ActiveCfg = Release|Any CPU
		{37DA0F5E-353A-40A8-BA4B-A9FA72583FD0}.AppStore|iPhoneSimulator.Build.0 = Release|Any CPU
		{37DA0F5E-353A-40A8-BA4B-A9FA72583FD0}.AppStore|iPhoneSimulator.Deploy.0 = Release|Any CPU
		{37DA0F5E-353A-40A8-BA4B-A9FA72583FD0}.AppStore|x64.ActiveCfg = Release|Any CPU
		{37DA0F5E-353A-40A8-BA4B-A9FA72583FD0}.AppStore|x64.Build.0 = Release|Any CPU
		{37DA0F5E-353A-40A8-BA4B-A9FA72583FD0}.AppStore|x64.Deploy.0 = Release|Any CPU
		{37DA0F5E-353A-40A8-BA4B-A9FA72583FD0}.AppStore|x86.ActiveCfg = Release|Any CPU
		{37DA0F5E-353A-40A8-BA4B-A9FA72583FD0}.AppStore|x86.Build.0 = Release|Any CPU
		{37DA0F5E-353A-40A8-BA4B-A9FA72583FD0}.AppStore|x86.Deploy.0 = Release|Any CPU
		{37DA0F5E-353A-40A8-BA4B-A9FA72583FD0}.Debug|Any CPU.ActiveCfg = Debug|Any CPU
		{37DA0F5E-353A-40A8-BA4B-A9FA72583FD0}.Debug|Any CPU.Build.0 = Debug|Any CPU
		{37DA0F5E-353A-40A8-BA4B-A9FA72583FD0}.Debug|Any CPU.Deploy.0 = Debug|Any CPU
		{37DA0F5E-353A-40A8-BA4B-A9FA72583FD0}.Debug|ARM.ActiveCfg = Debug|Any CPU
		{37DA0F5E-353A-40A8-BA4B-A9FA72583FD0}.Debug|ARM.Build.0 = Debug|Any CPU
		{37DA0F5E-353A-40A8-BA4B-A9FA72583FD0}.Debug|ARM.Deploy.0 = Debug|Any CPU
		{37DA0F5E-353A-40A8-BA4B-A9FA72583FD0}.Debug|iPhone.ActiveCfg = Debug|Any CPU
		{37DA0F5E-353A-40A8-BA4B-A9FA72583FD0}.Debug|iPhone.Build.0 = Debug|Any CPU
		{37DA0F5E-353A-40A8-BA4B-A9FA72583FD0}.Debug|iPhone.Deploy.0 = Debug|Any CPU
		{37DA0F5E-353A-40A8-BA4B-A9FA72583FD0}.Debug|iPhoneSimulator.ActiveCfg = Debug|Any CPU
		{37DA0F5E-353A-40A8-BA4B-A9FA72583FD0}.Debug|iPhoneSimulator.Build.0 = Debug|Any CPU
		{37DA0F5E-353A-40A8-BA4B-A9FA72583FD0}.Debug|iPhoneSimulator.Deploy.0 = Debug|Any CPU
		{37DA0F5E-353A-40A8-BA4B-A9FA72583FD0}.Debug|x64.ActiveCfg = Debug|Any CPU
		{37DA0F5E-353A-40A8-BA4B-A9FA72583FD0}.Debug|x64.Build.0 = Debug|Any CPU
		{37DA0F5E-353A-40A8-BA4B-A9FA72583FD0}.Debug|x64.Deploy.0 = Debug|Any CPU
		{37DA0F5E-353A-40A8-BA4B-A9FA72583FD0}.Debug|x86.ActiveCfg = Debug|Any CPU
		{37DA0F5E-353A-40A8-BA4B-A9FA72583FD0}.Debug|x86.Build.0 = Debug|Any CPU
		{37DA0F5E-353A-40A8-BA4B-A9FA72583FD0}.Debug|x86.Deploy.0 = Debug|Any CPU
		{37DA0F5E-353A-40A8-BA4B-A9FA72583FD0}.Release|Any CPU.ActiveCfg = Release|Any CPU
		{37DA0F5E-353A-40A8-BA4B-A9FA72583FD0}.Release|Any CPU.Build.0 = Release|Any CPU
		{37DA0F5E-353A-40A8-BA4B-A9FA72583FD0}.Release|Any CPU.Deploy.0 = Release|Any CPU
		{37DA0F5E-353A-40A8-BA4B-A9FA72583FD0}.Release|ARM.ActiveCfg = Release|Any CPU
		{37DA0F5E-353A-40A8-BA4B-A9FA72583FD0}.Release|ARM.Build.0 = Release|Any CPU
		{37DA0F5E-353A-40A8-BA4B-A9FA72583FD0}.Release|ARM.Deploy.0 = Release|Any CPU
		{37DA0F5E-353A-40A8-BA4B-A9FA72583FD0}.Release|iPhone.ActiveCfg = Release|Any CPU
		{37DA0F5E-353A-40A8-BA4B-A9FA72583FD0}.Release|iPhone.Build.0 = Release|Any CPU
		{37DA0F5E-353A-40A8-BA4B-A9FA72583FD0}.Release|iPhone.Deploy.0 = Release|Any CPU
		{37DA0F5E-353A-40A8-BA4B-A9FA72583FD0}.Release|iPhoneSimulator.ActiveCfg = Release|Any CPU
		{37DA0F5E-353A-40A8-BA4B-A9FA72583FD0}.Release|iPhoneSimulator.Build.0 = Release|Any CPU
		{37DA0F5E-353A-40A8-BA4B-A9FA72583FD0}.Release|iPhoneSimulator.Deploy.0 = Release|Any CPU
		{37DA0F5E-353A-40A8-BA4B-A9FA72583FD0}.Release|x64.ActiveCfg = Release|Any CPU
		{37DA0F5E-353A-40A8-BA4B-A9FA72583FD0}.Release|x64.Build.0 = Release|Any CPU
		{37DA0F5E-353A-40A8-BA4B-A9FA72583FD0}.Release|x64.Deploy.0 = Release|Any CPU
		{37DA0F5E-353A-40A8-BA4B-A9FA72583FD0}.Release|x86.ActiveCfg = Release|Any CPU
		{37DA0F5E-353A-40A8-BA4B-A9FA72583FD0}.Release|x86.Build.0 = Release|Any CPU
		{37DA0F5E-353A-40A8-BA4B-A9FA72583FD0}.Release|x86.Deploy.0 = Release|Any CPU
		{970AB4FF-882A-4E02-BBAA-681AE39FDA53}.Ad-Hoc|Any CPU.ActiveCfg = Release|Any CPU
		{970AB4FF-882A-4E02-BBAA-681AE39FDA53}.Ad-Hoc|Any CPU.Build.0 = Release|Any CPU
		{970AB4FF-882A-4E02-BBAA-681AE39FDA53}.Ad-Hoc|ARM.ActiveCfg = Release|Any CPU
		{970AB4FF-882A-4E02-BBAA-681AE39FDA53}.Ad-Hoc|ARM.Build.0 = Release|Any CPU
		{970AB4FF-882A-4E02-BBAA-681AE39FDA53}.Ad-Hoc|iPhone.ActiveCfg = Release|Any CPU
		{970AB4FF-882A-4E02-BBAA-681AE39FDA53}.Ad-Hoc|iPhone.Build.0 = Release|Any CPU
		{970AB4FF-882A-4E02-BBAA-681AE39FDA53}.Ad-Hoc|iPhoneSimulator.ActiveCfg = Release|Any CPU
		{970AB4FF-882A-4E02-BBAA-681AE39FDA53}.Ad-Hoc|iPhoneSimulator.Build.0 = Release|Any CPU
		{970AB4FF-882A-4E02-BBAA-681AE39FDA53}.Ad-Hoc|x64.ActiveCfg = Release|Any CPU
		{970AB4FF-882A-4E02-BBAA-681AE39FDA53}.Ad-Hoc|x64.Build.0 = Release|Any CPU
		{970AB4FF-882A-4E02-BBAA-681AE39FDA53}.Ad-Hoc|x86.ActiveCfg = Release|Any CPU
		{970AB4FF-882A-4E02-BBAA-681AE39FDA53}.Ad-Hoc|x86.Build.0 = Release|Any CPU
		{970AB4FF-882A-4E02-BBAA-681AE39FDA53}.AppStore|Any CPU.ActiveCfg = Release|Any CPU
		{970AB4FF-882A-4E02-BBAA-681AE39FDA53}.AppStore|Any CPU.Build.0 = Release|Any CPU
		{970AB4FF-882A-4E02-BBAA-681AE39FDA53}.AppStore|ARM.ActiveCfg = Release|Any CPU
		{970AB4FF-882A-4E02-BBAA-681AE39FDA53}.AppStore|ARM.Build.0 = Release|Any CPU
		{970AB4FF-882A-4E02-BBAA-681AE39FDA53}.AppStore|iPhone.ActiveCfg = Release|Any CPU
		{970AB4FF-882A-4E02-BBAA-681AE39FDA53}.AppStore|iPhone.Build.0 = Release|Any CPU
		{970AB4FF-882A-4E02-BBAA-681AE39FDA53}.AppStore|iPhoneSimulator.ActiveCfg = Release|Any CPU
		{970AB4FF-882A-4E02-BBAA-681AE39FDA53}.AppStore|iPhoneSimulator.Build.0 = Release|Any CPU
		{970AB4FF-882A-4E02-BBAA-681AE39FDA53}.AppStore|x64.ActiveCfg = Release|Any CPU
		{970AB4FF-882A-4E02-BBAA-681AE39FDA53}.AppStore|x64.Build.0 = Release|Any CPU
		{970AB4FF-882A-4E02-BBAA-681AE39FDA53}.AppStore|x86.ActiveCfg = Release|Any CPU
		{970AB4FF-882A-4E02-BBAA-681AE39FDA53}.AppStore|x86.Build.0 = Release|Any CPU
		{970AB4FF-882A-4E02-BBAA-681AE39FDA53}.Debug|Any CPU.ActiveCfg = Debug|Any CPU
		{970AB4FF-882A-4E02-BBAA-681AE39FDA53}.Debug|Any CPU.Build.0 = Debug|Any CPU
		{970AB4FF-882A-4E02-BBAA-681AE39FDA53}.Debug|ARM.ActiveCfg = Debug|Any CPU
		{970AB4FF-882A-4E02-BBAA-681AE39FDA53}.Debug|ARM.Build.0 = Debug|Any CPU
		{970AB4FF-882A-4E02-BBAA-681AE39FDA53}.Debug|iPhone.ActiveCfg = Debug|Any CPU
		{970AB4FF-882A-4E02-BBAA-681AE39FDA53}.Debug|iPhone.Build.0 = Debug|Any CPU
		{970AB4FF-882A-4E02-BBAA-681AE39FDA53}.Debug|iPhoneSimulator.ActiveCfg = Debug|Any CPU
		{970AB4FF-882A-4E02-BBAA-681AE39FDA53}.Debug|iPhoneSimulator.Build.0 = Debug|Any CPU
		{970AB4FF-882A-4E02-BBAA-681AE39FDA53}.Debug|x64.ActiveCfg = Debug|Any CPU
		{970AB4FF-882A-4E02-BBAA-681AE39FDA53}.Debug|x64.Build.0 = Debug|Any CPU
		{970AB4FF-882A-4E02-BBAA-681AE39FDA53}.Debug|x86.ActiveCfg = Debug|Any CPU
		{970AB4FF-882A-4E02-BBAA-681AE39FDA53}.Debug|x86.Build.0 = Debug|Any CPU
		{970AB4FF-882A-4E02-BBAA-681AE39FDA53}.Release|Any CPU.ActiveCfg = Release|Any CPU
		{970AB4FF-882A-4E02-BBAA-681AE39FDA53}.Release|Any CPU.Build.0 = Release|Any CPU
		{970AB4FF-882A-4E02-BBAA-681AE39FDA53}.Release|ARM.ActiveCfg = Release|Any CPU
		{970AB4FF-882A-4E02-BBAA-681AE39FDA53}.Release|ARM.Build.0 = Release|Any CPU
		{970AB4FF-882A-4E02-BBAA-681AE39FDA53}.Release|iPhone.ActiveCfg = Release|Any CPU
		{970AB4FF-882A-4E02-BBAA-681AE39FDA53}.Release|iPhone.Build.0 = Release|Any CPU
		{970AB4FF-882A-4E02-BBAA-681AE39FDA53}.Release|iPhoneSimulator.ActiveCfg = Release|Any CPU
		{970AB4FF-882A-4E02-BBAA-681AE39FDA53}.Release|iPhoneSimulator.Build.0 = Release|Any CPU
		{970AB4FF-882A-4E02-BBAA-681AE39FDA53}.Release|x64.ActiveCfg = Release|Any CPU
		{970AB4FF-882A-4E02-BBAA-681AE39FDA53}.Release|x64.Build.0 = Release|Any CPU
		{970AB4FF-882A-4E02-BBAA-681AE39FDA53}.Release|x86.ActiveCfg = Release|Any CPU
		{970AB4FF-882A-4E02-BBAA-681AE39FDA53}.Release|x86.Build.0 = Release|Any CPU
		{3C280EC0-4C38-4CB9-AB40-0173B66218F7}.Ad-Hoc|Any CPU.ActiveCfg = Release|x86
		{3C280EC0-4C38-4CB9-AB40-0173B66218F7}.Ad-Hoc|Any CPU.Build.0 = Release|x86
		{3C280EC0-4C38-4CB9-AB40-0173B66218F7}.Ad-Hoc|Any CPU.Deploy.0 = Release|x86
		{3C280EC0-4C38-4CB9-AB40-0173B66218F7}.Ad-Hoc|ARM.ActiveCfg = Release|ARM
		{3C280EC0-4C38-4CB9-AB40-0173B66218F7}.Ad-Hoc|ARM.Build.0 = Release|ARM
		{3C280EC0-4C38-4CB9-AB40-0173B66218F7}.Ad-Hoc|ARM.Deploy.0 = Release|ARM
		{3C280EC0-4C38-4CB9-AB40-0173B66218F7}.Ad-Hoc|iPhone.ActiveCfg = Release|x86
		{3C280EC0-4C38-4CB9-AB40-0173B66218F7}.Ad-Hoc|iPhone.Build.0 = Release|x86
		{3C280EC0-4C38-4CB9-AB40-0173B66218F7}.Ad-Hoc|iPhone.Deploy.0 = Release|x86
		{3C280EC0-4C38-4CB9-AB40-0173B66218F7}.Ad-Hoc|iPhoneSimulator.ActiveCfg = Release|x86
		{3C280EC0-4C38-4CB9-AB40-0173B66218F7}.Ad-Hoc|iPhoneSimulator.Build.0 = Release|x86
		{3C280EC0-4C38-4CB9-AB40-0173B66218F7}.Ad-Hoc|iPhoneSimulator.Deploy.0 = Release|x86
		{3C280EC0-4C38-4CB9-AB40-0173B66218F7}.Ad-Hoc|x64.ActiveCfg = Release|x64
		{3C280EC0-4C38-4CB9-AB40-0173B66218F7}.Ad-Hoc|x64.Build.0 = Release|x64
		{3C280EC0-4C38-4CB9-AB40-0173B66218F7}.Ad-Hoc|x64.Deploy.0 = Release|x64
		{3C280EC0-4C38-4CB9-AB40-0173B66218F7}.Ad-Hoc|x86.ActiveCfg = Release|x86
		{3C280EC0-4C38-4CB9-AB40-0173B66218F7}.Ad-Hoc|x86.Build.0 = Release|x86
		{3C280EC0-4C38-4CB9-AB40-0173B66218F7}.Ad-Hoc|x86.Deploy.0 = Release|x86
		{3C280EC0-4C38-4CB9-AB40-0173B66218F7}.AppStore|Any CPU.ActiveCfg = Release|x86
		{3C280EC0-4C38-4CB9-AB40-0173B66218F7}.AppStore|Any CPU.Build.0 = Release|x86
		{3C280EC0-4C38-4CB9-AB40-0173B66218F7}.AppStore|Any CPU.Deploy.0 = Release|x86
		{3C280EC0-4C38-4CB9-AB40-0173B66218F7}.AppStore|ARM.ActiveCfg = Release|ARM
		{3C280EC0-4C38-4CB9-AB40-0173B66218F7}.AppStore|ARM.Build.0 = Release|ARM
		{3C280EC0-4C38-4CB9-AB40-0173B66218F7}.AppStore|ARM.Deploy.0 = Release|ARM
		{3C280EC0-4C38-4CB9-AB40-0173B66218F7}.AppStore|iPhone.ActiveCfg = Release|x86
		{3C280EC0-4C38-4CB9-AB40-0173B66218F7}.AppStore|iPhone.Build.0 = Release|x86
		{3C280EC0-4C38-4CB9-AB40-0173B66218F7}.AppStore|iPhone.Deploy.0 = Release|x86
		{3C280EC0-4C38-4CB9-AB40-0173B66218F7}.AppStore|iPhoneSimulator.ActiveCfg = Release|x86
		{3C280EC0-4C38-4CB9-AB40-0173B66218F7}.AppStore|iPhoneSimulator.Build.0 = Release|x86
		{3C280EC0-4C38-4CB9-AB40-0173B66218F7}.AppStore|iPhoneSimulator.Deploy.0 = Release|x86
		{3C280EC0-4C38-4CB9-AB40-0173B66218F7}.AppStore|x64.ActiveCfg = Release|x64
		{3C280EC0-4C38-4CB9-AB40-0173B66218F7}.AppStore|x64.Build.0 = Release|x64
		{3C280EC0-4C38-4CB9-AB40-0173B66218F7}.AppStore|x64.Deploy.0 = Release|x64
		{3C280EC0-4C38-4CB9-AB40-0173B66218F7}.AppStore|x86.ActiveCfg = Release|x86
		{3C280EC0-4C38-4CB9-AB40-0173B66218F7}.AppStore|x86.Build.0 = Release|x86
		{3C280EC0-4C38-4CB9-AB40-0173B66218F7}.AppStore|x86.Deploy.0 = Release|x86
		{3C280EC0-4C38-4CB9-AB40-0173B66218F7}.Debug|Any CPU.ActiveCfg = Debug|x86
		{3C280EC0-4C38-4CB9-AB40-0173B66218F7}.Debug|ARM.ActiveCfg = Debug|ARM
		{3C280EC0-4C38-4CB9-AB40-0173B66218F7}.Debug|ARM.Build.0 = Debug|ARM
		{3C280EC0-4C38-4CB9-AB40-0173B66218F7}.Debug|ARM.Deploy.0 = Debug|ARM
		{3C280EC0-4C38-4CB9-AB40-0173B66218F7}.Debug|iPhone.ActiveCfg = Debug|x86
		{3C280EC0-4C38-4CB9-AB40-0173B66218F7}.Debug|iPhoneSimulator.ActiveCfg = Debug|x86
		{3C280EC0-4C38-4CB9-AB40-0173B66218F7}.Debug|x64.ActiveCfg = Debug|x64
		{3C280EC0-4C38-4CB9-AB40-0173B66218F7}.Debug|x64.Build.0 = Debug|x64
		{3C280EC0-4C38-4CB9-AB40-0173B66218F7}.Debug|x64.Deploy.0 = Debug|x64
		{3C280EC0-4C38-4CB9-AB40-0173B66218F7}.Debug|x86.ActiveCfg = Debug|x86
		{3C280EC0-4C38-4CB9-AB40-0173B66218F7}.Debug|x86.Build.0 = Debug|x86
		{3C280EC0-4C38-4CB9-AB40-0173B66218F7}.Debug|x86.Deploy.0 = Debug|x86
		{3C280EC0-4C38-4CB9-AB40-0173B66218F7}.Release|Any CPU.ActiveCfg = Release|x86
		{3C280EC0-4C38-4CB9-AB40-0173B66218F7}.Release|ARM.ActiveCfg = Release|ARM
		{3C280EC0-4C38-4CB9-AB40-0173B66218F7}.Release|ARM.Build.0 = Release|ARM
		{3C280EC0-4C38-4CB9-AB40-0173B66218F7}.Release|ARM.Deploy.0 = Release|ARM
		{3C280EC0-4C38-4CB9-AB40-0173B66218F7}.Release|iPhone.ActiveCfg = Release|x86
		{3C280EC0-4C38-4CB9-AB40-0173B66218F7}.Release|iPhoneSimulator.ActiveCfg = Release|x86
		{3C280EC0-4C38-4CB9-AB40-0173B66218F7}.Release|x64.ActiveCfg = Release|x64
		{3C280EC0-4C38-4CB9-AB40-0173B66218F7}.Release|x64.Build.0 = Release|x64
		{3C280EC0-4C38-4CB9-AB40-0173B66218F7}.Release|x64.Deploy.0 = Release|x64
		{3C280EC0-4C38-4CB9-AB40-0173B66218F7}.Release|x86.ActiveCfg = Release|x86
		{3C280EC0-4C38-4CB9-AB40-0173B66218F7}.Release|x86.Build.0 = Release|x86
		{3C280EC0-4C38-4CB9-AB40-0173B66218F7}.Release|x86.Deploy.0 = Release|x86
		{EDEBE3AE-52C2-465C-8732-6757AD8DCB1F}.Ad-Hoc|Any CPU.ActiveCfg = Ad-Hoc|iPhone
		{EDEBE3AE-52C2-465C-8732-6757AD8DCB1F}.Ad-Hoc|ARM.ActiveCfg = Ad-Hoc|iPhone
		{EDEBE3AE-52C2-465C-8732-6757AD8DCB1F}.Ad-Hoc|iPhone.ActiveCfg = Ad-Hoc|iPhone
		{EDEBE3AE-52C2-465C-8732-6757AD8DCB1F}.Ad-Hoc|iPhone.Build.0 = Ad-Hoc|iPhone
		{EDEBE3AE-52C2-465C-8732-6757AD8DCB1F}.Ad-Hoc|iPhoneSimulator.ActiveCfg = Ad-Hoc|iPhoneSimulator
		{EDEBE3AE-52C2-465C-8732-6757AD8DCB1F}.Ad-Hoc|iPhoneSimulator.Build.0 = Ad-Hoc|iPhoneSimulator
		{EDEBE3AE-52C2-465C-8732-6757AD8DCB1F}.Ad-Hoc|x64.ActiveCfg = Ad-Hoc|iPhone
		{EDEBE3AE-52C2-465C-8732-6757AD8DCB1F}.Ad-Hoc|x86.ActiveCfg = Ad-Hoc|iPhone
		{EDEBE3AE-52C2-465C-8732-6757AD8DCB1F}.AppStore|Any CPU.ActiveCfg = AppStore|iPhone
		{EDEBE3AE-52C2-465C-8732-6757AD8DCB1F}.AppStore|ARM.ActiveCfg = AppStore|iPhone
		{EDEBE3AE-52C2-465C-8732-6757AD8DCB1F}.AppStore|iPhone.ActiveCfg = AppStore|iPhone
		{EDEBE3AE-52C2-465C-8732-6757AD8DCB1F}.AppStore|iPhone.Build.0 = AppStore|iPhone
		{EDEBE3AE-52C2-465C-8732-6757AD8DCB1F}.AppStore|iPhoneSimulator.ActiveCfg = AppStore|iPhoneSimulator
		{EDEBE3AE-52C2-465C-8732-6757AD8DCB1F}.AppStore|iPhoneSimulator.Build.0 = AppStore|iPhoneSimulator
		{EDEBE3AE-52C2-465C-8732-6757AD8DCB1F}.AppStore|x64.ActiveCfg = AppStore|iPhone
		{EDEBE3AE-52C2-465C-8732-6757AD8DCB1F}.AppStore|x86.ActiveCfg = AppStore|iPhone
		{EDEBE3AE-52C2-465C-8732-6757AD8DCB1F}.Debug|Any CPU.ActiveCfg = Debug|iPhone
		{EDEBE3AE-52C2-465C-8732-6757AD8DCB1F}.Debug|ARM.ActiveCfg = Debug|iPhone
		{EDEBE3AE-52C2-465C-8732-6757AD8DCB1F}.Debug|iPhone.ActiveCfg = Debug|iPhone
		{EDEBE3AE-52C2-465C-8732-6757AD8DCB1F}.Debug|iPhone.Build.0 = Debug|iPhone
		{EDEBE3AE-52C2-465C-8732-6757AD8DCB1F}.Debug|iPhoneSimulator.ActiveCfg = Debug|iPhoneSimulator
		{EDEBE3AE-52C2-465C-8732-6757AD8DCB1F}.Debug|iPhoneSimulator.Build.0 = Debug|iPhoneSimulator
		{EDEBE3AE-52C2-465C-8732-6757AD8DCB1F}.Debug|x64.ActiveCfg = Debug|iPhone
		{EDEBE3AE-52C2-465C-8732-6757AD8DCB1F}.Debug|x86.ActiveCfg = Debug|iPhone
		{EDEBE3AE-52C2-465C-8732-6757AD8DCB1F}.Release|Any CPU.ActiveCfg = Release|iPhone
		{EDEBE3AE-52C2-465C-8732-6757AD8DCB1F}.Release|ARM.ActiveCfg = Release|iPhone
		{EDEBE3AE-52C2-465C-8732-6757AD8DCB1F}.Release|iPhone.ActiveCfg = Release|iPhone
		{EDEBE3AE-52C2-465C-8732-6757AD8DCB1F}.Release|iPhone.Build.0 = Release|iPhone
		{EDEBE3AE-52C2-465C-8732-6757AD8DCB1F}.Release|iPhoneSimulator.ActiveCfg = Release|iPhoneSimulator
		{EDEBE3AE-52C2-465C-8732-6757AD8DCB1F}.Release|iPhoneSimulator.Build.0 = Release|iPhoneSimulator
		{EDEBE3AE-52C2-465C-8732-6757AD8DCB1F}.Release|x64.ActiveCfg = Release|iPhone
		{EDEBE3AE-52C2-465C-8732-6757AD8DCB1F}.Release|x86.ActiveCfg = Release|iPhone
	EndGlobalSection
	GlobalSection(SolutionProperties) = preSolution
		HideSolutionNode = FALSE
	EndGlobalSection
EndGlobal
